// !$*UTF8*$!
{
	archiveVersion = 1;
	classes = {
	};
	objectVersion = 46;
	objects = {

/* Begin PBXBuildFile section */
		7D7CB5CB1DDC1C020057F241 /* AppDelegate.swift in Sources */ = {isa = PBXBuildFile; fileRef = 7D7CB5CA1DDC1C020057F241 /* AppDelegate.swift */; };
		7D7CB5CD1DDC1C020057F241 /* ViewController.swift in Sources */ = {isa = PBXBuildFile; fileRef = 7D7CB5CC1DDC1C020057F241 /* ViewController.swift */; };
		7D7CB5D01DDC1C030057F241 /* Main.storyboard in Resources */ = {isa = PBXBuildFile; fileRef = 7D7CB5CE1DDC1C030057F241 /* Main.storyboard */; };
		7D7CB5D21DDC1C030057F241 /* Assets.xcassets in Resources */ = {isa = PBXBuildFile; fileRef = 7D7CB5D11DDC1C030057F241 /* Assets.xcassets */; };
		7D7CB5D51DDC1C030057F241 /* LaunchScreen.storyboard in Resources */ = {isa = PBXBuildFile; fileRef = 7D7CB5D31DDC1C030057F241 /* LaunchScreen.storyboard */; };
		7D7CB5DD1DDC26180057F241 /* pokemon.csv in Resources */ = {isa = PBXBuildFile; fileRef = 7D7CB5DC1DDC26180057F241 /* pokemon.csv */; };
		7D7CB5E01DDC2A7C0057F241 /* Pokemon.swift in Sources */ = {isa = PBXBuildFile; fileRef = 7D7CB5DF1DDC2A7C0057F241 /* Pokemon.swift */; };
		7D7CB5E31DDC36E10057F241 /* PokeCell.swift in Sources */ = {isa = PBXBuildFile; fileRef = 7D7CB5E21DDC36E10057F241 /* PokeCell.swift */; };
		7D7CB5E51DDC45DE0057F241 /* csv.swift in Sources */ = {isa = PBXBuildFile; fileRef = 7D7CB5E41DDC45DE0057F241 /* csv.swift */; };
		7D7CB5EA1DDC51C90057F241 /* pokemon.ttf in Resources */ = {isa = PBXBuildFile; fileRef = 7D7CB5E91DDC51C80057F241 /* pokemon.ttf */; };
		7D7CB5EC1DDC551C0057F241 /* music.mp3 in Resources */ = {isa = PBXBuildFile; fileRef = 7D7CB5EB1DDC551C0057F241 /* music.mp3 */; };
		7D7CB5EE1DDC63310057F241 /* PokemonDetailVC.swift in Sources */ = {isa = PBXBuildFile; fileRef = 7D7CB5ED1DDC63310057F241 /* PokemonDetailVC.swift */; };
		7DC87BA41DDC8D4100162E9E /* Constants.swift in Sources */ = {isa = PBXBuildFile; fileRef = 7DC87BA31DDC8D4100162E9E /* Constants.swift */; };
		B5E7DF0182DCC577D0A49212 /* Pods_pokedex_by_dbumblebee.framework in Frameworks */ = {isa = PBXBuildFile; fileRef = C6A7160D6EB4D765368E4A39 /* Pods_pokedex_by_dbumblebee.framework */; };
/* End PBXBuildFile section */

/* Begin PBXFileReference section */
		7A82E5215E698AA7FBFD36A6 /* Pods-pokedex-by-dbumblebee.debug.xcconfig */ = {isa = PBXFileReference; includeInIndex = 1; lastKnownFileType = text.xcconfig; name = "Pods-pokedex-by-dbumblebee.debug.xcconfig"; path = "Pods/Target Support Files/Pods-pokedex-by-dbumblebee/Pods-pokedex-by-dbumblebee.debug.xcconfig"; sourceTree = "<group>"; };
		7D7CB5C71DDC1C020057F241 /* pokedex-by-dbumblebee.app */ = {isa = PBXFileReference; explicitFileType = wrapper.application; includeInIndex = 0; path = "pokedex-by-dbumblebee.app"; sourceTree = BUILT_PRODUCTS_DIR; };
		7D7CB5CA1DDC1C020057F241 /* AppDelegate.swift */ = {isa = PBXFileReference; lastKnownFileType = sourcecode.swift; path = AppDelegate.swift; sourceTree = "<group>"; };
		7D7CB5CC1DDC1C020057F241 /* ViewController.swift */ = {isa = PBXFileReference; lastKnownFileType = sourcecode.swift; path = ViewController.swift; sourceTree = "<group>"; };
		7D7CB5CF1DDC1C030057F241 /* Base */ = {isa = PBXFileReference; lastKnownFileType = file.storyboard; name = Base; path = Base.lproj/Main.storyboard; sourceTree = "<group>"; };
		7D7CB5D11DDC1C030057F241 /* Assets.xcassets */ = {isa = PBXFileReference; lastKnownFileType = folder.assetcatalog; path = Assets.xcassets; sourceTree = "<group>"; };
		7D7CB5D41DDC1C030057F241 /* Base */ = {isa = PBXFileReference; lastKnownFileType = file.storyboard; name = Base; path = Base.lproj/LaunchScreen.storyboard; sourceTree = "<group>"; };
		7D7CB5D61DDC1C030057F241 /* Info.plist */ = {isa = PBXFileReference; lastKnownFileType = text.plist.xml; path = Info.plist; sourceTree = "<group>"; };
		7D7CB5DC1DDC26180057F241 /* pokemon.csv */ = {isa = PBXFileReference; fileEncoding = 4; lastKnownFileType = text; path = pokemon.csv; sourceTree = "<group>"; };
		7D7CB5DF1DDC2A7C0057F241 /* Pokemon.swift */ = {isa = PBXFileReference; fileEncoding = 4; lastKnownFileType = sourcecode.swift; path = Pokemon.swift; sourceTree = "<group>"; };
		7D7CB5E21DDC36E10057F241 /* PokeCell.swift */ = {isa = PBXFileReference; fileEncoding = 4; lastKnownFileType = sourcecode.swift; path = PokeCell.swift; sourceTree = "<group>"; };
		7D7CB5E41DDC45DE0057F241 /* csv.swift */ = {isa = PBXFileReference; fileEncoding = 4; lastKnownFileType = sourcecode.swift; path = csv.swift; sourceTree = "<group>"; };
		7D7CB5E91DDC51C80057F241 /* pokemon.ttf */ = {isa = PBXFileReference; lastKnownFileType = file; path = pokemon.ttf; sourceTree = "<group>"; };
		7D7CB5EB1DDC551C0057F241 /* music.mp3 */ = {isa = PBXFileReference; lastKnownFileType = audio.mp3; path = music.mp3; sourceTree = "<group>"; };
		7D7CB5ED1DDC63310057F241 /* PokemonDetailVC.swift */ = {isa = PBXFileReference; fileEncoding = 4; lastKnownFileType = sourcecode.swift; path = PokemonDetailVC.swift; sourceTree = "<group>"; };
		7DC87BA31DDC8D4100162E9E /* Constants.swift */ = {isa = PBXFileReference; fileEncoding = 4; lastKnownFileType = sourcecode.swift; path = Constants.swift; sourceTree = "<group>"; };
		C6A7160D6EB4D765368E4A39 /* Pods_pokedex_by_dbumblebee.framework */ = {isa = PBXFileReference; explicitFileType = wrapper.framework; includeInIndex = 0; path = Pods_pokedex_by_dbumblebee.framework; sourceTree = BUILT_PRODUCTS_DIR; };
		DCBE980121CB19B7ABC76486 /* Pods-pokedex-by-dbumblebee.release.xcconfig */ = {isa = PBXFileReference; includeInIndex = 1; lastKnownFileType = text.xcconfig; name = "Pods-pokedex-by-dbumblebee.release.xcconfig"; path = "Pods/Target Support Files/Pods-pokedex-by-dbumblebee/Pods-pokedex-by-dbumblebee.release.xcconfig"; sourceTree = "<group>"; };
/* End PBXFileReference section */

/* Begin PBXFrameworksBuildPhase section */
		7D7CB5C41DDC1C010057F241 /* Frameworks */ = {
			isa = PBXFrameworksBuildPhase;
			buildActionMask = 2147483647;
			files = (
				B5E7DF0182DCC577D0A49212 /* Pods_pokedex_by_dbumblebee.framework in Frameworks */,
			);
			runOnlyForDeploymentPostprocessing = 0;
		};
/* End PBXFrameworksBuildPhase section */

/* Begin PBXGroup section */
		16D9F803341B09F64C2C0540 /* Frameworks */ = {
			isa = PBXGroup;
			children = (
				C6A7160D6EB4D765368E4A39 /* Pods_pokedex_by_dbumblebee.framework */,
			);
			name = Frameworks;
			sourceTree = "<group>";
		};
		7D7CB5BE1DDC1C010057F241 = {
			isa = PBXGroup;
			children = (
				7D7CB5C91DDC1C020057F241 /* pokedex-by-dbumblebee */,
				7D7CB5C81DDC1C020057F241 /* Products */,
				99C4300FBCF2F349C293F4F0 /* Pods */,
				16D9F803341B09F64C2C0540 /* Frameworks */,
			);
			sourceTree = "<group>";
		};
		7D7CB5C81DDC1C020057F241 /* Products */ = {
			isa = PBXGroup;
			children = (
				7D7CB5C71DDC1C020057F241 /* pokedex-by-dbumblebee.app */,
			);
			name = Products;
			sourceTree = "<group>";
		};
		7D7CB5C91DDC1C020057F241 /* pokedex-by-dbumblebee */ = {
			isa = PBXGroup;
			children = (
				7D7CB5DE1DDC2A570057F241 /* Model */,
				7D7CB5E11DDC36920057F241 /* View */,
				7D7CB5E71DDC4BED0057F241 /* Controller */,
				7D7CB5E61DDC4BC70057F241 /* Util */,
				7D7CB5E81DDC4BFB0057F241 /* Resources */,
				7D7CB5CA1DDC1C020057F241 /* AppDelegate.swift */,
				7D7CB5CE1DDC1C030057F241 /* Main.storyboard */,
				7D7CB5D11DDC1C030057F241 /* Assets.xcassets */,
				7D7CB5D31DDC1C030057F241 /* LaunchScreen.storyboard */,
				7D7CB5D61DDC1C030057F241 /* Info.plist */,
			);
			path = "pokedex-by-dbumblebee";
			sourceTree = "<group>";
		};
		7D7CB5DE1DDC2A570057F241 /* Model */ = {
			isa = PBXGroup;
			children = (
				7D7CB5DF1DDC2A7C0057F241 /* Pokemon.swift */,
			);
			name = Model;
			sourceTree = "<group>";
		};
		7D7CB5E11DDC36920057F241 /* View */ = {
			isa = PBXGroup;
			children = (
				7D7CB5E21DDC36E10057F241 /* PokeCell.swift */,
			);
			name = View;
			sourceTree = "<group>";
		};
		7D7CB5E61DDC4BC70057F241 /* Util */ = {
			isa = PBXGroup;
			children = (
				7D7CB5E41DDC45DE0057F241 /* csv.swift */,
				7DC87BA31DDC8D4100162E9E /* Constants.swift */,
			);
			name = Util;
			sourceTree = "<group>";
		};
		7D7CB5E71DDC4BED0057F241 /* Controller */ = {
			isa = PBXGroup;
			children = (
				7D7CB5CC1DDC1C020057F241 /* ViewController.swift */,
				7D7CB5ED1DDC63310057F241 /* PokemonDetailVC.swift */,
			);
			name = Controller;
			sourceTree = "<group>";
		};
		7D7CB5E81DDC4BFB0057F241 /* Resources */ = {
			isa = PBXGroup;
			children = (
				7D7CB5EB1DDC551C0057F241 /* music.mp3 */,
				7D7CB5E91DDC51C80057F241 /* pokemon.ttf */,
				7D7CB5DC1DDC26180057F241 /* pokemon.csv */,
			);
			name = Resources;
			sourceTree = "<group>";
		};
		99C4300FBCF2F349C293F4F0 /* Pods */ = {
			isa = PBXGroup;
			children = (
				7A82E5215E698AA7FBFD36A6 /* Pods-pokedex-by-dbumblebee.debug.xcconfig */,
				DCBE980121CB19B7ABC76486 /* Pods-pokedex-by-dbumblebee.release.xcconfig */,
			);
			name = Pods;
			sourceTree = "<group>";
		};
/* End PBXGroup section */

/* Begin PBXNativeTarget section */
		7D7CB5C61DDC1C010057F241 /* pokedex-by-dbumblebee */ = {
			isa = PBXNativeTarget;
			buildConfigurationList = 7D7CB5D91DDC1C030057F241 /* Build configuration list for PBXNativeTarget "pokedex-by-dbumblebee" */;
			buildPhases = (
				097864A5C1464BE3CB6A9644 /* [CP] Check Pods Manifest.lock */,
				7D7CB5C31DDC1C010057F241 /* Sources */,
				7D7CB5C41DDC1C010057F241 /* Frameworks */,
				7D7CB5C51DDC1C010057F241 /* Resources */,
				F87B946FD140DC7C65801419 /* [CP] Embed Pods Frameworks */,
				E4574C2B2BB477FF456DD087 /* [CP] Copy Pods Resources */,
			);
			buildRules = (
			);
			dependencies = (
			);
			name = "pokedex-by-dbumblebee";
			productName = "pokedex-by-dbumblebee";
			productReference = 7D7CB5C71DDC1C020057F241 /* pokedex-by-dbumblebee.app */;
			productType = "com.apple.product-type.application";
		};
/* End PBXNativeTarget section */

/* Begin PBXProject section */
		7D7CB5BF1DDC1C010057F241 /* Project object */ = {
			isa = PBXProject;
			attributes = {
				LastSwiftUpdateCheck = 0810;
				LastUpgradeCheck = 0810;
				ORGANIZATIONNAME = "BeeHive Productions";
				TargetAttributes = {
					7D7CB5C61DDC1C010057F241 = {
						CreatedOnToolsVersion = 8.1;
						DevelopmentTeam = XLYUH65LFN;
						ProvisioningStyle = Automatic;
					};
				};
			};
			buildConfigurationList = 7D7CB5C21DDC1C010057F241 /* Build configuration list for PBXProject "pokedex-by-dbumblebee" */;
			compatibilityVersion = "Xcode 3.2";
			developmentRegion = English;
			hasScannedForEncodings = 0;
			knownRegions = (
				en,
				Base,
			);
			mainGroup = 7D7CB5BE1DDC1C010057F241;
			productRefGroup = 7D7CB5C81DDC1C020057F241 /* Products */;
			projectDirPath = "";
			projectRoot = "";
			targets = (
				7D7CB5C61DDC1C010057F241 /* pokedex-by-dbumblebee */,
			);
		};
/* End PBXProject section */

/* Begin PBXResourcesBuildPhase section */
		7D7CB5C51DDC1C010057F241 /* Resources */ = {
			isa = PBXResourcesBuildPhase;
			buildActionMask = 2147483647;
			files = (
				7D7CB5EA1DDC51C90057F241 /* pokemon.ttf in Resources */,
				7D7CB5D51DDC1C030057F241 /* LaunchScreen.storyboard in Resources */,
				7D7CB5EC1DDC551C0057F241 /* music.mp3 in Resources */,
				7D7CB5D21DDC1C030057F241 /* Assets.xcassets in Resources */,
				7D7CB5DD1DDC26180057F241 /* pokemon.csv in Resources */,
				7D7CB5D01DDC1C030057F241 /* Main.storyboard in Resources */,
			);
			runOnlyForDeploymentPostprocessing = 0;
		};
/* End PBXResourcesBuildPhase section */

/* Begin PBXShellScriptBuildPhase section */
		097864A5C1464BE3CB6A9644 /* [CP] Check Pods Manifest.lock */ = {
			isa = PBXShellScriptBuildPhase;
			buildActionMask = 2147483647;
			files = (
			);
			inputPaths = (
			);
			name = "[CP] Check Pods Manifest.lock";
			outputPaths = (
			);
			runOnlyForDeploymentPostprocessing = 0;
			shellPath = /bin/sh;
			shellScript = "diff \"${PODS_ROOT}/../Podfile.lock\" \"${PODS_ROOT}/Manifest.lock\" > /dev/null\nif [ $? != 0 ] ; then\n    # print error to STDERR\n    echo \"error: The sandbox is not in sync with the Podfile.lock. Run 'pod install' or update your CocoaPods installation.\" >&2\n    exit 1\nfi\n";
			showEnvVarsInLog = 0;
		};
		E4574C2B2BB477FF456DD087 /* [CP] Copy Pods Resources */ = {
			isa = PBXShellScriptBuildPhase;
			buildActionMask = 2147483647;
			files = (
			);
			inputPaths = (
			);
			name = "[CP] Copy Pods Resources";
			outputPaths = (
			);
			runOnlyForDeploymentPostprocessing = 0;
			shellPath = /bin/sh;
			shellScript = "\"${SRCROOT}/Pods/Target Support Files/Pods-pokedex-by-dbumblebee/Pods-pokedex-by-dbumblebee-resources.sh\"\n";
			showEnvVarsInLog = 0;
		};
		F87B946FD140DC7C65801419 /* [CP] Embed Pods Frameworks */ = {
			isa = PBXShellScriptBuildPhase;
			buildActionMask = 2147483647;
			files = (
			);
			inputPaths = (
			);
			name = "[CP] Embed Pods Frameworks";
			outputPaths = (
			);
			runOnlyForDeploymentPostprocessing = 0;
			shellPath = /bin/sh;
			shellScript = "\"${SRCROOT}/Pods/Target Support Files/Pods-pokedex-by-dbumblebee/Pods-pokedex-by-dbumblebee-frameworks.sh\"\n";
			showEnvVarsInLog = 0;
		};
/* End PBXShellScriptBuildPhase section */

/* Begin PBXSourcesBuildPhase section */
		7D7CB5C31DDC1C010057F241 /* Sources */ = {
			isa = PBXSourcesBuildPhase;
			buildActionMask = 2147483647;
			files = (
				7D7CB5E31DDC36E10057F241 /* PokeCell.swift in Sources */,
				7D7CB5CD1DDC1C020057F241 /* ViewController.swift in Sources */,
				7D7CB5CB1DDC1C020057F241 /* AppDelegate.swift in Sources */,
				7D7CB5EE1DDC63310057F241 /* PokemonDetailVC.swift in Sources */,
				7DC87BA41DDC8D4100162E9E /* Constants.swift in Sources */,
				7D7CB5E01DDC2A7C0057F241 /* Pokemon.swift in Sources */,
				7D7CB5E51DDC45DE0057F241 /* csv.swift in Sources */,
			);
			runOnlyForDeploymentPostprocessing = 0;
		};
/* End PBXSourcesBuildPhase section */

/* Begin PBXVariantGroup section */
		7D7CB5CE1DDC1C030057F241 /* Main.storyboard */ = {
			isa = PBXVariantGroup;
			children = (
				7D7CB5CF1DDC1C030057F241 /* Base */,
			);
			name = Main.storyboard;
			sourceTree = "<group>";
		};
		7D7CB5D31DDC1C030057F241 /* LaunchScreen.storyboard */ = {
			isa = PBXVariantGroup;
			children = (
				7D7CB5D41DDC1C030057F241 /* Base */,
			);
			name = LaunchScreen.storyboard;
			sourceTree = "<group>";
		};
/* End PBXVariantGroup section */

/* Begin XCBuildConfiguration section */
		7D7CB5D71DDC1C030057F241 /* Debug */ = {
			isa = XCBuildConfiguration;
			buildSettings = {
				ALWAYS_SEARCH_USER_PATHS = NO;
				CLANG_ANALYZER_NONNULL = YES;
				CLANG_CXX_LANGUAGE_STANDARD = "gnu++0x";
				CLANG_CXX_LIBRARY = "libc++";
				CLANG_ENABLE_MODULES = YES;
				CLANG_ENABLE_OBJC_ARC = YES;
				CLANG_WARN_BOOL_CONVERSION = YES;
				CLANG_WARN_CONSTANT_CONVERSION = YES;
				CLANG_WARN_DIRECT_OBJC_ISA_USAGE = YES_ERROR;
				CLANG_WARN_DOCUMENTATION_COMMENTS = YES;
				CLANG_WARN_EMPTY_BODY = YES;
				CLANG_WARN_ENUM_CONVERSION = YES;
				CLANG_WARN_INFINITE_RECURSION = YES;
				CLANG_WARN_INT_CONVERSION = YES;
				CLANG_WARN_OBJC_ROOT_CLASS = YES_ERROR;
				CLANG_WARN_SUSPICIOUS_MOVES = YES;
				CLANG_WARN_UNREACHABLE_CODE = YES;
				CLANG_WARN__DUPLICATE_METHOD_MATCH = YES;
				"CODE_SIGN_IDENTITY[sdk=iphoneos*]" = "iPhone Developer";
				COPY_PHASE_STRIP = NO;
				DEBUG_INFORMATION_FORMAT = dwarf;
				ENABLE_STRICT_OBJC_MSGSEND = YES;
				ENABLE_TESTABILITY = YES;
				GCC_C_LANGUAGE_STANDARD = gnu99;
				GCC_DYNAMIC_NO_PIC = NO;
				GCC_NO_COMMON_BLOCKS = YES;
				GCC_OPTIMIZATION_LEVEL = 0;
				GCC_PREPROCESSOR_DEFINITIONS = (
					"DEBUG=1",
					"$(inherited)",
				);
				GCC_WARN_64_TO_32_BIT_CONVERSION = YES;
				GCC_WARN_ABOUT_RETURN_TYPE = YES_ERROR;
				GCC_WARN_UNDECLARED_SELECTOR = YES;
				GCC_WARN_UNINITIALIZED_AUTOS = YES_AGGRESSIVE;
				GCC_WARN_UNUSED_FUNCTION = YES;
				GCC_WARN_UNUSED_VARIABLE = YES;
				IPHONEOS_DEPLOYMENT_TARGET = 10.1;
				MTL_ENABLE_DEBUG_INFO = YES;
				ONLY_ACTIVE_ARCH = YES;
				SDKROOT = iphoneos;
				SWIFT_ACTIVE_COMPILATION_CONDITIONS = DEBUG;
				SWIFT_OPTIMIZATION_LEVEL = "-Onone";
				TARGETED_DEVICE_FAMILY = "1,2";
			};
			name = Debug;
		};
		7D7CB5D81DDC1C030057F241 /* Release */ = {
			isa = XCBuildConfiguration;
			buildSettings = {
				ALWAYS_SEARCH_USER_PATHS = NO;
				CLANG_ANALYZER_NONNULL = YES;
				CLANG_CXX_LANGUAGE_STANDARD = "gnu++0x";
				CLANG_CXX_LIBRARY = "libc++";
				CLANG_ENABLE_MODULES = YES;
				CLANG_ENABLE_OBJC_ARC = YES;
				CLANG_WARN_BOOL_CONVERSION = YES;
				CLANG_WARN_CONSTANT_CONVERSION = YES;
				CLANG_WARN_DIRECT_OBJC_ISA_USAGE = YES_ERROR;
				CLANG_WARN_DOCUMENTATION_COMMENTS = YES;
				CLANG_WARN_EMPTY_BODY = YES;
				CLANG_WARN_ENUM_CONVERSION = YES;
				CLANG_WARN_INFINITE_RECURSION = YES;
				CLANG_WARN_INT_CONVERSION = YES;
				CLANG_WARN_OBJC_ROOT_CLASS = YES_ERROR;
				CLANG_WARN_SUSPICIOUS_MOVES = YES;
				CLANG_WARN_UNREACHABLE_CODE = YES;
				CLANG_WARN__DUPLICATE_METHOD_MATCH = YES;
				"CODE_SIGN_IDENTITY[sdk=iphoneos*]" = "iPhone Developer";
				COPY_PHASE_STRIP = NO;
				DEBUG_INFORMATION_FORMAT = "dwarf-with-dsym";
				ENABLE_NS_ASSERTIONS = NO;
				ENABLE_STRICT_OBJC_MSGSEND = YES;
				GCC_C_LANGUAGE_STANDARD = gnu99;
				GCC_NO_COMMON_BLOCKS = YES;
				GCC_WARN_64_TO_32_BIT_CONVERSION = YES;
				GCC_WARN_ABOUT_RETURN_TYPE = YES_ERROR;
				GCC_WARN_UNDECLARED_SELECTOR = YES;
				GCC_WARN_UNINITIALIZED_AUTOS = YES_AGGRESSIVE;
				GCC_WARN_UNUSED_FUNCTION = YES;
				GCC_WARN_UNUSED_VARIABLE = YES;
				IPHONEOS_DEPLOYMENT_TARGET = 10.1;
				MTL_ENABLE_DEBUG_INFO = NO;
				SDKROOT = iphoneos;
				SWIFT_OPTIMIZATION_LEVEL = "-Owholemodule";
				TARGETED_DEVICE_FAMILY = "1,2";
				VALIDATE_PRODUCT = YES;
			};
			name = Release;
		};
		7D7CB5DA1DDC1C030057F241 /* Debug */ = {
			isa = XCBuildConfiguration;
			baseConfigurationReference = 7A82E5215E698AA7FBFD36A6 /* Pods-pokedex-by-dbumblebee.debug.xcconfig */;
			buildSettings = {
				ASSETCATALOG_COMPILER_APPICON_NAME = AppIcon;
				DEVELOPMENT_TEAM = XLYUH65LFN;
				INFOPLIST_FILE = "pokedex-by-dbumblebee/Info.plist";
				LD_RUNPATH_SEARCH_PATHS = "$(inherited) @executable_path/Frameworks";
				PRODUCT_BUNDLE_IDENTIFIER = "com.dbumblebee.pokedex-by-dbumblebee";
				PRODUCT_NAME = "$(TARGET_NAME)";
				SWIFT_VERSION = 3.0;
			};
			name = Debug;
		};
		7D7CB5DB1DDC1C030057F241 /* Release */ = {
			isa = XCBuildConfiguration;
			baseConfigurationReference = DCBE980121CB19B7ABC76486 /* Pods-pokedex-by-dbumblebee.release.xcconfig */;
			buildSettings = {
				ASSETCATALOG_COMPILER_APPICON_NAME = AppIcon;
				DEVELOPMENT_TEAM = XLYUH65LFN;
				INFOPLIST_FILE = "pokedex-by-dbumblebee/Info.plist";
				LD_RUNPATH_SEARCH_PATHS = "$(inherited) @executable_path/Frameworks";
				PRODUCT_BUNDLE_IDENTIFIER = "com.dbumblebee.pokedex-by-dbumblebee";
				PRODUCT_NAME = "$(TARGET_NAME)";
				SWIFT_VERSION = 3.0;
			};
			name = Release;
		};
/* End XCBuildConfiguration section */

/* Begin XCConfigurationList section */
		7D7CB5C21DDC1C010057F241 /* Build configuration list for PBXProject "pokedex-by-dbumblebee" */ = {
			isa = XCConfigurationList;
			buildConfigurations = (
				7D7CB5D71DDC1C030057F241 /* Debug */,
				7D7CB5D81DDC1C030057F241 /* Release */,
			);
			defaultConfigurationIsVisible = 0;
			defaultConfigurationName = Release;
		};
		7D7CB5D91DDC1C030057F241 /* Build configuration list for PBXNativeTarget "pokedex-by-dbumblebee" */ = {
			isa = XCConfigurationList;
			buildConfigurations = (
				7D7CB5DA1DDC1C030057F241 /* Debug */,
				7D7CB5DB1DDC1C030057F241 /* Release */,
			);
			defaultConfigurationIsVisible = 0;
			defaultConfigurationName = Release;
		};
/* End XCConfigurationList section */
	};
	rootObject = 7D7CB5BF1DDC1C010057F241 /* Project object */;
}
